
Microsoft Visual Studio Solution File, Format Version 11.00
# Visual Studio 2010
Project("{FAE04EC0-301F-11D3-BF4B-00C04F79EFBC}") = "SCMSDataLayer", "SCMSDataLayer\SCMSDataLayer.csproj", "{919A57A4-70E9-4D32-A223-CD184A956C75}"
EndProject
Project("{54435603-DBB4-11D2-8724-00A0C9A8B90C}") = "SCMSSetup", "SCMSSetup\SCMSSetup.vdproj", "{B89D2191-B046-4DC0-BCE6-7488B29818C7}"
EndProject
Project("{FAE04EC0-301F-11D3-BF4B-00C04F79EFBC}") = "SCMS", "SCMS\SCMS.csproj", "{40011A17-7949-4266-B63E-AC8D5C9E5D01}"
EndProject
Global
	GlobalSection(SolutionConfigurationPlatforms) = preSolution
		Debug|Any CPU = Debug|Any CPU
		Release|Any CPU = Release|Any CPU
	EndGlobalSection
	GlobalSection(ProjectConfigurationPlatforms) = postSolution
		{919A57A4-70E9-4D32-A223-CD184A956C75}.Debug|Any CPU.ActiveCfg = Debug|Any CPU
		{919A57A4-70E9-4D32-A223-CD184A956C75}.Debug|Any CPU.Build.0 = Debug|Any CPU
		{919A57A4-70E9-4D32-A223-CD184A956C75}.Release|Any CPU.ActiveCfg = Release|Any CPU
		{919A57A4-70E9-4D32-A223-CD184A956C75}.Release|Any CPU.Build.0 = Release|Any CPU
		{B89D2191-B046-4DC0-BCE6-7488B29818C7}.Debug|Any CPU.ActiveCfg = Debug
		{B89D2191-B046-4DC0-BCE6-7488B29818C7}.Release|Any CPU.ActiveCfg = Release
		{40011A17-7949-4266-B63E-AC8D5C9E5D01}.Debug|Any CPU.ActiveCfg = Debug|Any CPU
		{40011A17-7949-4266-B63E-AC8D5C9E5D01}.Debug|Any CPU.Build.0 = Debug|Any CPU
		{40011A17-7949-4266-B63E-AC8D5C9E5D01}.Release|Any CPU.ActiveCfg = Release|Any CPU
		{40011A17-7949-4266-B63E-AC8D5C9E5D01}.Release|Any CPU.Build.0 = Release|Any CPU
	EndGlobalSection
	GlobalSection(SolutionProperties) = preSolution
		HideSolutionNode = FALSE
	EndGlobalSection
EndGlobal
